
Microsoft Visual Studio Solution File, Format Version 12.00
# Visual Studio Version 17
VisualStudioVersion = 17.0.31912.275
MinimumVisualStudioVersion = 10.0.40219.1
Project("{FAE04EC0-301F-11D3-BF4B-00C04F79EFBC}") = "Пр№13", "Пр№13\Пр№13.csproj", "{F62072C5-0B72-47E6-935E-428F95BC58B6}"
EndProject
Project("{FAE04EC0-301F-11D3-BF4B-00C04F79EFBC}") = "LibMas", "LibMas\LibMas.csproj", "{08D9CFD7-543C-4E2A-BBBD-EEC014982B09}"
EndProject
Global
	GlobalSection(SolutionConfigurationPlatforms) = preSolution
		Debug|Any CPU = Debug|Any CPU
		Release|Any CPU = Release|Any CPU
	EndGlobalSection
	GlobalSection(ProjectConfigurationPlatforms) = postSolution
		{F62072C5-0B72-47E6-935E-428F95BC58B6}.Debug|Any CPU.ActiveCfg = Debug|Any CPU
		{F62072C5-0B72-47E6-935E-428F95BC58B6}.Debug|Any CPU.Build.0 = Debug|Any CPU
		{F62072C5-0B72-47E6-935E-428F95BC58B6}.Release|Any CPU.ActiveCfg = Release|Any CPU
		{F62072C5-0B72-47E6-935E-428F95BC58B6}.Release|Any CPU.Build.0 = Release|Any CPU
		{08D9CFD7-543C-4E2A-BBBD-EEC014982B09}.Debug|Any CPU.ActiveCfg = Debug|Any CPU
		{08D9CFD7-543C-4E2A-BBBD-EEC014982B09}.Debug|Any CPU.Build.0 = Debug|Any CPU
		{08D9CFD7-543C-4E2A-BBBD-EEC014982B09}.Release|Any CPU.ActiveCfg = Release|Any CPU
		{08D9CFD7-543C-4E2A-BBBD-EEC014982B09}.Release|Any CPU.Build.0 = Release|Any CPU
	EndGlobalSection
	GlobalSection(SolutionProperties) = preSolution
		HideSolutionNode = FALSE
	EndGlobalSection
	GlobalSection(ExtensibilityGlobals) = postSolution
		SolutionGuid = {22E6DF57-9345-4664-95D2-9C96E1D3CD72}
	EndGlobalSection
EndGlobal
